
Microsoft Visual Studio Solution File, Format Version 12.00
Project("{FAE04EC0-301F-11D3-BF4B-00C04F79EFBC}") = "easylogsAPI.WebApi", "easylogsAPI.WebApi\easylogsAPI.WebApi.csproj", "{EB280C11-6560-4968-A228-94E81490F15C}"
EndProject
Global
	GlobalSection(SolutionConfigurationPlatforms) = preSolution
		Debug|Any CPU = Debug|Any CPU
		Release|Any CPU = Release|Any CPU
	EndGlobalSection
	GlobalSection(ProjectConfigurationPlatforms) = postSolution
		{EB280C11-6560-4968-A228-94E81490F15C}.Debug|Any CPU.ActiveCfg = Debug|Any CPU
		{EB280C11-6560-4968-A228-94E81490F15C}.Debug|Any CPU.Build.0 = Debug|Any CPU
		{EB280C11-6560-4968-A228-94E81490F15C}.Release|Any CPU.ActiveCfg = Release|Any CPU
		{EB280C11-6560-4968-A228-94E81490F15C}.Release|Any CPU.Build.0 = Release|Any CPU
	EndGlobalSection
EndGlobal
